
Microsoft Visual Studio Solution File, Format Version 12.00
# Visual Studio Version 17
VisualStudioVersion = 17.10.35027.167
MinimumVisualStudioVersion = 10.0.40219.1
Project("{FAE04EC0-301F-11D3-BF4B-00C04F79EFBC}") = "ContactManager", "ContactManager\ContactManager.csproj", "{98AAE11B-181A-4552-82FB-328E269C7347}"
EndProject
Global
	GlobalSection(SolutionConfigurationPlatforms) = preSolution
		Debug|Any CPU = Debug|Any CPU
		Release|Any CPU = Release|Any CPU
	EndGlobalSection
	GlobalSection(ProjectConfigurationPlatforms) = postSolution
		{98AAE11B-181A-4552-82FB-328E269C7347}.Debug|Any CPU.ActiveCfg = Debug|Any CPU
		{98AAE11B-181A-4552-82FB-328E269C7347}.Debug|Any CPU.Build.0 = Debug|Any CPU
		{98AAE11B-181A-4552-82FB-328E269C7347}.Release|Any CPU.ActiveCfg = Release|Any CPU
		{98AAE11B-181A-4552-82FB-328E269C7347}.Release|Any CPU.Build.0 = Release|Any CPU
	EndGlobalSection
	GlobalSection(SolutionProperties) = preSolution
		HideSolutionNode = FALSE
	EndGlobalSection
	GlobalSection(ExtensibilityGlobals) = postSolution
		SolutionGuid = {F937C8F1-0FA5-4F64-917F-F8633C6A94A1}
	EndGlobalSection
EndGlobal
